{
  "name": "chess",
  "version": "1.0.0",
  "lockfileVersion": 1,
  "requires": true,
  "dependencies": {
    "chessground": {
      "version": "7.3.2",
      "resolved": "https://registry.npmjs.org/chessground/-/chessground-7.3.2.tgz",
      "integrity": "sha512-yOL4Jzsf1/KK4dh7JUDVnAVGYw9K3uqh3p0ZTbjPVum6+UBLHg79JvqX2TT50BybKzJ1+HDlwyolir13dgHrpg=="
    }
  }
}
